
Microsoft Visual Studio Solution File, Format Version 12.00
# Visual Studio 15
VisualStudioVersion = 15.0.27703.2000
MinimumVisualStudioVersion = 10.0.40219.1
Project("{FAE04EC0-301F-11D3-BF4B-00C04F79EFBC}") = "ActionBuilder", "ActionBuilder.csproj", "{DE9D07AD-5E69-49A3-B1F5-C86DFC4A1EA2}"
EndProject
Global
	GlobalSection(SolutionConfigurationPlatforms) = preSolution
		Debug|Any CPU = Debug|Any CPU
		Release|Any CPU = Release|Any CPU
	EndGlobalSection
	GlobalSection(ProjectConfigurationPlatforms) = postSolution
		{DE9D07AD-5E69-49A3-B1F5-C86DFC4A1EA2}.Debug|Any CPU.ActiveCfg = Debug|Any CPU
		{DE9D07AD-5E69-49A3-B1F5-C86DFC4A1EA2}.Debug|Any CPU.Build.0 = Debug|Any CPU
		{DE9D07AD-5E69-49A3-B1F5-C86DFC4A1EA2}.Release|Any CPU.ActiveCfg = Release|Any CPU
		{DE9D07AD-5E69-49A3-B1F5-C86DFC4A1EA2}.Release|Any CPU.Build.0 = Release|Any CPU
	EndGlobalSection
	GlobalSection(SolutionProperties) = preSolution
		HideSolutionNode = FALSE
	EndGlobalSection
	GlobalSection(ExtensibilityGlobals) = postSolution
		SolutionGuid = {6063F4E6-EFDE-4CA9-95C0-D3373EBF6D4D}
	EndGlobalSection
EndGlobal
